
Microsoft Visual Studio Solution File, Format Version 12.00
# Visual Studio Version 16
VisualStudioVersion = 16.0.30406.217
MinimumVisualStudioVersion = 10.0.40219.1
Project("{9A19103F-16F7-4668-BE54-9A1E7A4F7556}") = "TankLinkNotifierApi", "TankLinkNotifierApi\TankLinkNotifierApi.csproj", "{2B1C5158-874C-4668-BE6B-574E3D08DF97}"
EndProject
Project("{9A19103F-16F7-4668-BE54-9A1E7A4F7556}") = "TankLinkNotifierClient", "TankLinkNotifierClient\TankLinkNotifierClient.csproj", "{255F60AE-81BF-4F33-B71D-EA9DBF096FB5}"
EndProject
Global
	GlobalSection(SolutionConfigurationPlatforms) = preSolution
		Debug|Any CPU = Debug|Any CPU
		Release|Any CPU = Release|Any CPU
	EndGlobalSection
	GlobalSection(ProjectConfigurationPlatforms) = postSolution
		{2B1C5158-874C-4668-BE6B-574E3D08DF97}.Debug|Any CPU.ActiveCfg = Debug|Any CPU
		{2B1C5158-874C-4668-BE6B-574E3D08DF97}.Debug|Any CPU.Build.0 = Debug|Any CPU
		{2B1C5158-874C-4668-BE6B-574E3D08DF97}.Release|Any CPU.ActiveCfg = Release|Any CPU
		{2B1C5158-874C-4668-BE6B-574E3D08DF97}.Release|Any CPU.Build.0 = Release|Any CPU
		{255F60AE-81BF-4F33-B71D-EA9DBF096FB5}.Debug|Any CPU.ActiveCfg = Debug|Any CPU
		{255F60AE-81BF-4F33-B71D-EA9DBF096FB5}.Debug|Any CPU.Build.0 = Debug|Any CPU
		{255F60AE-81BF-4F33-B71D-EA9DBF096FB5}.Release|Any CPU.ActiveCfg = Release|Any CPU
		{255F60AE-81BF-4F33-B71D-EA9DBF096FB5}.Release|Any CPU.Build.0 = Release|Any CPU
	EndGlobalSection
	GlobalSection(SolutionProperties) = preSolution
		HideSolutionNode = FALSE
	EndGlobalSection
	GlobalSection(ExtensibilityGlobals) = postSolution
		SolutionGuid = {FE5A95E1-CC87-4003-97B0-04F7BE2C2360}
	EndGlobalSection
EndGlobal
