
Microsoft Visual Studio Solution File, Format Version 12.00
# Visual Studio Version 16
VisualStudioVersion = 16.0.30406.217
MinimumVisualStudioVersion = 10.0.40219.1
Project("{FAE04EC0-301F-11D3-BF4B-00C04F79EFBC}") = "TankUtilityInterface", "TankUtilityInterface\TankUtilityInterface.csproj", "{A8FB631F-A943-4C7A-B8EF-331F596008E2}"
EndProject
Global
	GlobalSection(SolutionConfigurationPlatforms) = preSolution
		Debug|Any CPU = Debug|Any CPU
		Release|Any CPU = Release|Any CPU
	EndGlobalSection
	GlobalSection(ProjectConfigurationPlatforms) = postSolution
		{A8FB631F-A943-4C7A-B8EF-331F596008E2}.Debug|Any CPU.ActiveCfg = Debug|Any CPU
		{A8FB631F-A943-4C7A-B8EF-331F596008E2}.Debug|Any CPU.Build.0 = Debug|Any CPU
		{A8FB631F-A943-4C7A-B8EF-331F596008E2}.Release|Any CPU.ActiveCfg = Release|Any CPU
		{A8FB631F-A943-4C7A-B8EF-331F596008E2}.Release|Any CPU.Build.0 = Release|Any CPU
	EndGlobalSection
	GlobalSection(SolutionProperties) = preSolution
		HideSolutionNode = FALSE
	EndGlobalSection
	GlobalSection(ExtensibilityGlobals) = postSolution
		SolutionGuid = {2D45A098-BEAE-4DDA-BF1E-8AF201E7E915}
	EndGlobalSection
EndGlobal
